
Microsoft Visual Studio Solution File, Format Version 12.00
# Visual Studio Version 16
VisualStudioVersion = 16.0.31025.194
MinimumVisualStudioVersion = 10.0.40219.1
Project("{FAE04EC0-301F-11D3-BF4B-00C04F79EFBC}") = "Calculadora", "Calculadora\Calculadora.csproj", "{40215052-D52E-45EE-9D0E-85861D6522F0}"
EndProject
Global
	GlobalSection(SolutionConfigurationPlatforms) = preSolution
		Debug|Any CPU = Debug|Any CPU
		Release|Any CPU = Release|Any CPU
	EndGlobalSection
	GlobalSection(ProjectConfigurationPlatforms) = postSolution
		{40215052-D52E-45EE-9D0E-85861D6522F0}.Debug|Any CPU.ActiveCfg = Debug|Any CPU
		{40215052-D52E-45EE-9D0E-85861D6522F0}.Debug|Any CPU.Build.0 = Debug|Any CPU
		{40215052-D52E-45EE-9D0E-85861D6522F0}.Release|Any CPU.ActiveCfg = Release|Any CPU
		{40215052-D52E-45EE-9D0E-85861D6522F0}.Release|Any CPU.Build.0 = Release|Any CPU
	EndGlobalSection
	GlobalSection(SolutionProperties) = preSolution
		HideSolutionNode = FALSE
	EndGlobalSection
	GlobalSection(ExtensibilityGlobals) = postSolution
		SolutionGuid = {CD318EEF-7266-4CCB-B280-3FBF6CDE957C}
	EndGlobalSection
EndGlobal
